
Microsoft Visual Studio Solution File, Format Version 12.00
# Visual Studio Version 17
VisualStudioVersion = 17.8.34511.84
MinimumVisualStudioVersion = 10.0.40219.1
Project("{FAE04EC0-301F-11D3-BF4B-00C04F79EFBC}") = "GetStudentGpa", "GetStudentGpa\GetStudentGpa.csproj", "{8AAA44A2-2A77-470F-AC09-FCE04B778558}"
EndProject
Global
	GlobalSection(SolutionConfigurationPlatforms) = preSolution
		Debug|Any CPU = Debug|Any CPU
		Release|Any CPU = Release|Any CPU
	EndGlobalSection
	GlobalSection(ProjectConfigurationPlatforms) = postSolution
		{8AAA44A2-2A77-470F-AC09-FCE04B778558}.Debug|Any CPU.ActiveCfg = Debug|Any CPU
		{8AAA44A2-2A77-470F-AC09-FCE04B778558}.Debug|Any CPU.Build.0 = Debug|Any CPU
		{8AAA44A2-2A77-470F-AC09-FCE04B778558}.Release|Any CPU.ActiveCfg = Release|Any CPU
		{8AAA44A2-2A77-470F-AC09-FCE04B778558}.Release|Any CPU.Build.0 = Release|Any CPU
	EndGlobalSection
	GlobalSection(SolutionProperties) = preSolution
		HideSolutionNode = FALSE
	EndGlobalSection
	GlobalSection(ExtensibilityGlobals) = postSolution
		SolutionGuid = {2474CAFA-5C75-4F9D-B59D-A8415D697D94}
	EndGlobalSection
EndGlobal
